{
  "name": "prisma-tbls",
  "version": "0.0.1",
  "lockfileVersion": 3,
  "requires": true,
  "packages": {
    "": {
      "name": "prisma-tbls",
      "version": "0.0.1",
      "license": "MIT",
      "dependencies": {
        "@prisma/generator-helper": "^6.10.1"
      }
    },
    "node_modules/@prisma/debug": {
      "version": "6.10.1",
      "resolved": "https://registry.npmjs.org/@prisma/debug/-/debug-6.10.1.tgz",
      "integrity": "sha512-k2YT53cWxv9OLjW4zSYTZ6Z7j0gPfCzcr2Mj99qsuvlxr8WAKSZ2NcSR0zLf/mP4oxnYG842IMj3utTgcd7CaA==",
      "license": "Apache-2.0"
    },
    "node_modules/@prisma/dmmf": {
      "version": "6.10.1",
      "resolved": "https://registry.npmjs.org/@prisma/dmmf/-/dmmf-6.10.1.tgz",
      "integrity": "sha512-6EoSlgYx3OX7nLOcDFFYBD9NfgsUsE7PAz4JIPNyAmd5Vy7DtJO2iPx29iQ0mlyLi29CNA2jpiUcK+Y5356+Sw==",
      "license": "Apache-2.0"
    },
    "node_modules/@prisma/generator": {
      "version": "6.10.1",
      "resolved": "https://registry.npmjs.org/@prisma/generator/-/generator-6.10.1.tgz",
      "integrity": "sha512-g0mmq9RYHnsf+pqGfz13AMeX0mV0+v/UXjNoOjYeDTEBLtwYRV2GSQWn2g9KxamTXCO6R7n4UNzDezm9GP9WeA==",
      "license": "Apache-2.0"
    },
    "node_modules/@prisma/generator-helper": {
      "version": "6.10.1",
      "resolved": "https://registry.npmjs.org/@prisma/generator-helper/-/generator-helper-6.10.1.tgz",
      "integrity": "sha512-BAKK8/kCiiM/1VMJBIEIhF8L9wWtE2YtSfrd9NwYG9DcKmAVjZ7ywIIX7hcjiVF+FTjHio6N6PPtXZ3go/M1LA==",
      "license": "Apache-2.0",
      "dependencies": {
        "@prisma/debug": "6.10.1",
        "@prisma/dmmf": "6.10.1",
        "@prisma/generator": "6.10.1"
      }
    }
  }
}
